// !$*UTF8*$!
{
	archiveVersion = 1;
	classes = {
	};
	objectVersion = 50;
	objects = {

/* Begin PBXBuildFile section */
		C05B0AB9220ADC2E00D65EEE /* AppDelegate.swift in Sources */ = {isa = PBXBuildFile; fileRef = C05B0AB8220ADC2E00D65EEE /* AppDelegate.swift */; };
		C05B0ABB220ADC2E00D65EEE /* ViewController.swift in Sources */ = {isa = PBXBuildFile; fileRef = C05B0ABA220ADC2E00D65EEE /* ViewController.swift */; };
		C05B0ABE220ADC2E00D65EEE /* Main.storyboard in Resources */ = {isa = PBXBuildFile; fileRef = C05B0ABC220ADC2E00D65EEE /* Main.storyboard */; };
		C05B0AC0220ADC3100D65EEE /* Assets.xcassets in Resources */ = {isa = PBXBuildFile; fileRef = C05B0ABF220ADC3100D65EEE /* Assets.xcassets */; };
		C05B0AC3220ADC3100D65EEE /* LaunchScreen.storyboard in Resources */ = {isa = PBXBuildFile; fileRef = C05B0AC1220ADC3100D65EEE /* LaunchScreen.storyboard */; };
/* End PBXBuildFile section */

/* Begin PBXFileReference section */
		C05B0AB5220ADC2E00D65EEE /* TicketCountV1.app */ = {isa = PBXFileReference; explicitFileType = wrapper.application; includeInIndex = 0; path = TicketCountV1.app; sourceTree = BUILT_PRODUCTS_DIR; };
		C05B0AB8220ADC2E00D65EEE /* AppDelegate.swift */ = {isa = PBXFileReference; lastKnownFileType = sourcecode.swift; path = AppDelegate.swift; sourceTree = "<group>"; };
		C05B0ABA220ADC2E00D65EEE /* ViewController.swift */ = {isa = PBXFileReference; lastKnownFileType = sourcecode.swift; path = ViewController.swift; sourceTree = "<group>"; };
		C05B0ABD220ADC2E00D65EEE /* Base */ = {isa = PBXFileReference; lastKnownFileType = file.storyboard; name = Base; path = Base.lproj/Main.storyboard; sourceTree = "<group>"; };
		C05B0ABF220ADC3100D65EEE /* Assets.xcassets */ = {isa = PBXFileReference; lastKnownFileType = folder.assetcatalog; path = Assets.xcassets; sourceTree = "<group>"; };
		C05B0AC2220ADC3100D65EEE /* Base */ = {isa = PBXFileReference; lastKnownFileType = file.storyboard; name = Base; path = Base.lproj/LaunchScreen.storyboard; sourceTree = "<group>"; };
		C05B0AC4220ADC3100D65EEE /* Info.plist */ = {isa = PBXFileReference; lastKnownFileType = text.plist.xml; path = Info.plist; sourceTree = "<group>"; };
/* End PBXFileReference section */

/* Begin PBXFrameworksBuildPhase section */
		C05B0AB2220ADC2E00D65EEE /* Frameworks */ = {
			isa = PBXFrameworksBuildPhase;
			buildActionMask = 2147483647;
			files = (
			);
			runOnlyForDeploymentPostprocessing = 0;
		};
/* End PBXFrameworksBuildPhase section */

/* Begin PBXGroup section */
		C05B0AAC220ADC2E00D65EEE = {
			isa = PBXGroup;
			children = (
				C05B0AB7220ADC2E00D65EEE /* TicketCountV1 */,
				C05B0AB6220ADC2E00D65EEE /* Products */,
			);
			sourceTree = "<group>";
		};
		C05B0AB6220ADC2E00D65EEE /* Products */ = {
			isa = PBXGroup;
			children = (
				C05B0AB5220ADC2E00D65EEE /* TicketCountV1.app */,
			);
			name = Products;
			sourceTree = "<group>";
		};
		C05B0AB7220ADC2E00D65EEE /* TicketCountV1 */ = {
			isa = PBXGroup;
			children = (
				C05B0AB8220ADC2E00D65EEE /* AppDelegate.swift */,
				C05B0ABA220ADC2E00D65EEE /* ViewController.swift */,
				C05B0ABC220ADC2E00D65EEE /* Main.storyboard */,
				C05B0ABF220ADC3100D65EEE /* Assets.xcassets */,
				C05B0AC1220ADC3100D65EEE /* LaunchScreen.storyboard */,
				C05B0AC4220ADC3100D65EEE /* Info.plist */,
			);
			path = TicketCountV1;
			sourceTree = "<group>";
		};
/* End PBXGroup section */

/* Begin PBXNativeTarget section */
		C05B0AB4220ADC2E00D65EEE /* TicketCountV1 */ = {
			isa = PBXNativeTarget;
			buildConfigurationList = C05B0AC7220ADC3100D65EEE /* Build configuration list for PBXNativeTarget "TicketCountV1" */;
			buildPhases = (
				C05B0AB1220ADC2E00D65EEE /* Sources */,
				C05B0AB2220ADC2E00D65EEE /* Frameworks */,
				C05B0AB3220ADC2E00D65EEE /* Resources */,
			);
			buildRules = (
			);
			dependencies = (
			);
			name = TicketCountV1;
			productName = TicketCountV1;
			productReference = C05B0AB5220ADC2E00D65EEE /* TicketCountV1.app */;
			productType = "com.apple.product-type.application";
		};
/* End PBXNativeTarget section */

/* Begin PBXProject section */
		C05B0AAD220ADC2E00D65EEE /* Project object */ = {
			isa = PBXProject;
			attributes = {
				LastSwiftUpdateCheck = 1010;
				LastUpgradeCheck = 1010;
				ORGANIZATIONNAME = ohju;
				TargetAttributes = {
					C05B0AB4220ADC2E00D65EEE = {
						CreatedOnToolsVersion = 10.1;
					};
				};
			};
			buildConfigurationList = C05B0AB0220ADC2E00D65EEE /* Build configuration list for PBXProject "TicketCountV1" */;
			compatibilityVersion = "Xcode 9.3";
			developmentRegion = en;
			hasScannedForEncodings = 0;
			knownRegions = (
				en,
				Base,
			);
			mainGroup = C05B0AAC220ADC2E00D65EEE;
			productRefGroup = C05B0AB6220ADC2E00D65EEE /* Products */;
			projectDirPath = "";
			projectRoot = "";
			targets = (
				C05B0AB4220ADC2E00D65EEE /* TicketCountV1 */,
			);
		};
/* End PBXProject section */

/* Begin PBXResourcesBuildPhase section */
		C05B0AB3220ADC2E00D65EEE /* Resources */ = {
			isa = PBXResourcesBuildPhase;
			buildActionMask = 2147483647;
			files = (
				C05B0AC3220ADC3100D65EEE /* LaunchScreen.storyboard in Resources */,
				C05B0AC0220ADC3100D65EEE /* Assets.xcassets in Resources */,
				C05B0ABE220ADC2E00D65EEE /* Main.storyboard in Resources */,
			);
			runOnlyForDeploymentPostprocessing = 0;
		};
/* End PBXResourcesBuildPhase section */

/* Begin PBXSourcesBuildPhase section */
		C05B0AB1220ADC2E00D65EEE /* Sources */ = {
			isa = PBXSourcesBuildPhase;
			buildActionMask = 2147483647;
			files = (
				C05B0ABB220ADC2E00D65EEE /* ViewController.swift in Sources */,
				C05B0AB9220ADC2E00D65EEE /* AppDelegate.swift in Sources */,
			);
			runOnlyForDeploymentPostprocessing = 0;
		};
/* End PBXSourcesBuildPhase section */

/* Begin PBXVariantGroup section */
		C05B0ABC220ADC2E00D65EEE /* Main.storyboard */ = {
			isa = PBXVariantGroup;
			children = (
				C05B0ABD220ADC2E00D65EEE /* Base */,
			);
			name = Main.storyboard;
			sourceTree = "<group>";
		};
		C05B0AC1220ADC3100D65EEE /* LaunchScreen.storyboard */ = {
			isa = PBXVariantGroup;
			children = (
				C05B0AC2220ADC3100D65EEE /* Base */,
			);
			name = LaunchScreen.storyboard;
			sourceTree = "<group>";
		};
/* End PBXVariantGroup section */

/* Begin XCBuildConfiguration section */
		C05B0AC5220ADC3100D65EEE /* Debug */ = {
			isa = XCBuildConfiguration;
			buildSettings = {
				ALWAYS_SEARCH_USER_PATHS = NO;
				CLANG_ANALYZER_NONNULL = YES;
				CLANG_ANALYZER_NUMBER_OBJECT_CONVERSION = YES_AGGRESSIVE;
				CLANG_CXX_LANGUAGE_STANDARD = "gnu++14";
				CLANG_CXX_LIBRARY = "libc++";
				CLANG_ENABLE_MODULES = YES;
				CLANG_ENABLE_OBJC_ARC = YES;
				CLANG_ENABLE_OBJC_WEAK = YES;
				CLANG_WARN_BLOCK_CAPTURE_AUTORELEASING = YES;
				CLANG_WARN_BOOL_CONVERSION = YES;
				CLANG_WARN_COMMA = YES;
				CLANG_WARN_CONSTANT_CONVERSION = YES;
				CLANG_WARN_DEPRECATED_OBJC_IMPLEMENTATIONS = YES;
				CLANG_WARN_DIRECT_OBJC_ISA_USAGE = YES_ERROR;
				CLANG_WARN_DOCUMENTATION_COMMENTS = YES;
				CLANG_WARN_EMPTY_BODY = YES;
				CLANG_WARN_ENUM_CONVERSION = YES;
				CLANG_WARN_INFINITE_RECURSION = YES;
				CLANG_WARN_INT_CONVERSION = YES;
				CLANG_WARN_NON_LITERAL_NULL_CONVERSION = YES;
				CLANG_WARN_OBJC_IMPLICIT_RETAIN_SELF = YES;
				CLANG_WARN_OBJC_LITERAL_CONVERSION = YES;
				CLANG_WARN_OBJC_ROOT_CLASS = YES_ERROR;
				CLANG_WARN_RANGE_LOOP_ANALYSIS = YES;
				CLANG_WARN_STRICT_PROTOTYPES = YES;
				CLANG_WARN_SUSPICIOUS_MOVE = YES;
				CLANG_WARN_UNGUARDED_AVAILABILITY = YES_AGGRESSIVE;
				CLANG_WARN_UNREACHABLE_CODE = YES;
				CLANG_WARN__DUPLICATE_METHOD_MATCH = YES;
				CODE_SIGN_IDENTITY = "iPhone Developer";
				COPY_PHASE_STRIP = NO;
				DEBUG_INFORMATION_FORMAT = dwarf;
				ENABLE_STRICT_OBJC_MSGSEND = YES;
				ENABLE_TESTABILITY = YES;
				GCC_C_LANGUAGE_STANDARD = gnu11;
				GCC_DYNAMIC_NO_PIC = NO;
				GCC_NO_COMMON_BLOCKS = YES;
				GCC_OPTIMIZATION_LEVEL = 0;
				GCC_PREPROCESSOR_DEFINITIONS = (
					"DEBUG=1",
					"$(inherited)",
				);
				GCC_WARN_64_TO_32_BIT_CONVERSION = YES;
				GCC_WARN_ABOUT_RETURN_TYPE = YES_ERROR;
				GCC_WARN_UNDECLARED_SELECTOR = YES;
				GCC_WARN_UNINITIALIZED_AUTOS = YES_AGGRESSIVE;
				GCC_WARN_UNUSED_FUNCTION = YES;
				GCC_WARN_UNUSED_VARIABLE = YES;
				IPHONEOS_DEPLOYMENT_TARGET = 12.1;
				MTL_ENABLE_DEBUG_INFO = INCLUDE_SOURCE;
				MTL_FAST_MATH = YES;
				ONLY_ACTIVE_ARCH = YES;
				SDKROOT = iphoneos;
				SWIFT_ACTIVE_COMPILATION_CONDITIONS = DEBUG;
				SWIFT_OPTIMIZATION_LEVEL = "-Onone";
			};
			name = Debug;
		};
		C05B0AC6220ADC3100D65EEE /* Release */ = {
			isa = XCBuildConfiguration;
			buildSettings = {
				ALWAYS_SEARCH_USER_PATHS = NO;
				CLANG_ANALYZER_NONNULL = YES;
				CLANG_ANALYZER_NUMBER_OBJECT_CONVERSION = YES_AGGRESSIVE;
				CLANG_CXX_LANGUAGE_STANDARD = "gnu++14";
				CLANG_CXX_LIBRARY = "libc++";
				CLANG_ENABLE_MODULES = YES;
				CLANG_ENABLE_OBJC_ARC = YES;
				CLANG_ENABLE_OBJC_WEAK = YES;
				CLANG_WARN_BLOCK_CAPTURE_AUTORELEASING = YES;
				CLANG_WARN_BOOL_CONVERSION = YES;
				CLANG_WARN_COMMA = YES;
				CLANG_WARN_CONSTANT_CONVERSION = YES;
				CLANG_WARN_DEPRECATED_OBJC_IMPLEMENTATIONS = YES;
				CLANG_WARN_DIRECT_OBJC_ISA_USAGE = YES_ERROR;
				CLANG_WARN_DOCUMENTATION_COMMENTS = YES;
				CLANG_WARN_EMPTY_BODY = YES;
				CLANG_WARN_ENUM_CONVERSION = YES;
				CLANG_WARN_INFINITE_RECURSION = YES;
				CLANG_WARN_INT_CONVERSION = YES;
				CLANG_WARN_NON_LITERAL_NULL_CONVERSION = YES;
				CLANG_WARN_OBJC_IMPLICIT_RETAIN_SELF = YES;
				CLANG_WARN_OBJC_LITERAL_CONVERSION = YES;
				CLANG_WARN_OBJC_ROOT_CLASS = YES_ERROR;
				CLANG_WARN_RANGE_LOOP_ANALYSIS = YES;
				CLANG_WARN_STRICT_PROTOTYPES = YES;
				CLANG_WARN_SUSPICIOUS_MOVE = YES;
				CLANG_WARN_UNGUARDED_AVAILABILITY = YES_AGGRESSIVE;
				CLANG_WARN_UNREACHABLE_CODE = YES;
				CLANG_WARN__DUPLICATE_METHOD_MATCH = YES;
				CODE_SIGN_IDENTITY = "iPhone Developer";
				COPY_PHASE_STRIP = NO;
				DEBUG_INFORMATION_FORMAT = "dwarf-with-dsym";
				ENABLE_NS_ASSERTIONS = NO;
				ENABLE_STRICT_OBJC_MSGSEND = YES;
				GCC_C_LANGUAGE_STANDARD = gnu11;
				GCC_NO_COMMON_BLOCKS = YES;
				GCC_WARN_64_TO_32_BIT_CONVERSION = YES;
				GCC_WARN_ABOUT_RETURN_TYPE = YES_ERROR;
				GCC_WARN_UNDECLARED_SELECTOR = YES;
				GCC_WARN_UNINITIALIZED_AUTOS = YES_AGGRESSIVE;
				GCC_WARN_UNUSED_FUNCTION = YES;
				GCC_WARN_UNUSED_VARIABLE = YES;
				IPHONEOS_DEPLOYMENT_TARGET = 12.1;
				MTL_ENABLE_DEBUG_INFO = NO;
				MTL_FAST_MATH = YES;
				SDKROOT = iphoneos;
				SWIFT_COMPILATION_MODE = wholemodule;
				SWIFT_OPTIMIZATION_LEVEL = "-O";
				VALIDATE_PRODUCT = YES;
			};
			name = Release;
		};
		C05B0AC8220ADC3100D65EEE /* Debug */ = {
			isa = XCBuildConfiguration;
			buildSettings = {
				ASSETCATALOG_COMPILER_APPICON_NAME = AppIcon;
				CODE_SIGN_IDENTITY = "iPhone Developer";
				CODE_SIGN_STYLE = Automatic;
				DEVELOPMENT_TEAM = 7L3A9H8NYD;
				INFOPLIST_FILE = TicketCountV1/Info.plist;
				LD_RUNPATH_SEARCH_PATHS = (
					"$(inherited)",
					"@executable_path/Frameworks",
				);
				PRODUCT_BUNDLE_IDENTIFIER = com.ohju.TicketCountV1;
				PRODUCT_NAME = "$(TARGET_NAME)";
				PROVISIONING_PROFILE_SPECIFIER = "";
				SWIFT_VERSION = 4.2;
				TARGETED_DEVICE_FAMILY = "1,2";
			};
			name = Debug;
		};
		C05B0AC9220ADC3100D65EEE /* Release */ = {
			isa = XCBuildConfiguration;
			buildSettings = {
				ASSETCATALOG_COMPILER_APPICON_NAME = AppIcon;
				CODE_SIGN_IDENTITY = "iPhone Developer";
				CODE_SIGN_STYLE = Automatic;
				DEVELOPMENT_TEAM = 7L3A9H8NYD;
				INFOPLIST_FILE = TicketCountV1/Info.plist;
				LD_RUNPATH_SEARCH_PATHS = (
					"$(inherited)",
					"@executable_path/Frameworks",
				);
				PRODUCT_BUNDLE_IDENTIFIER = com.ohju.TicketCountV1;
				PRODUCT_NAME = "$(TARGET_NAME)";
				PROVISIONING_PROFILE_SPECIFIER = "";
				SWIFT_VERSION = 4.2;
				TARGETED_DEVICE_FAMILY = "1,2";
			};
			name = Release;
		};
/* End XCBuildConfiguration section */

/* Begin XCConfigurationList section */
		C05B0AB0220ADC2E00D65EEE /* Build configuration list for PBXProject "TicketCountV1" */ = {
			isa = XCConfigurationList;
			buildConfigurations = (
				C05B0AC5220ADC3100D65EEE /* Debug */,
				C05B0AC6220ADC3100D65EEE /* Release */,
			);
			defaultConfigurationIsVisible = 0;
			defaultConfigurationName = Release;
		};
		C05B0AC7220ADC3100D65EEE /* Build configuration list for PBXNativeTarget "TicketCountV1" */ = {
			isa = XCConfigurationList;
			buildConfigurations = (
				C05B0AC8220ADC3100D65EEE /* Debug */,
				C05B0AC9220ADC3100D65EEE /* Release */,
			);
			defaultConfigurationIsVisible = 0;
			defaultConfigurationName = Release;
		};
/* End XCConfigurationList section */
	};
	rootObject = C05B0AAD220ADC2E00D65EEE /* Project object */;
}
